
Microsoft Visual Studio Solution File, Format Version 12.00
# Visual Studio Version 16
VisualStudioVersion = 16.0.29411.108
MinimumVisualStudioVersion = 10.0.40219.1
Project("{9A19103F-16F7-4668-BE54-9A1E7A4F7556}") = "01. Numbers-to-1000-end-with-7", "01. Numbers-to-1000-end-with-7\01. Numbers-to-1000-end-with-7.csproj", "{22DB38E8-04D2-42ED-8882-7ECA01B28C5E}"
EndProject
Project("{9A19103F-16F7-4668-BE54-9A1E7A4F7556}") = "02. Half Sum Element", "02. Half Sum Element\02. Half Sum Element.csproj", "{253BB1F1-1674-4FF1-92FB-F319EE50DB96}"
EndProject
Project("{9A19103F-16F7-4668-BE54-9A1E7A4F7556}") = "03. Odd  Even Position", "03. Odd  Even Position\03. Odd  Even Position.csproj", "{A34CFDB1-2B51-4F49-9260-537984AA8715}"
EndProject
Project("{9A19103F-16F7-4668-BE54-9A1E7A4F7556}") = "04. Histogram", "04. Histogram\04. Histogram.csproj", "{DBB02BA1-89E3-42F4-9687-87E93D43905A}"
EndProject
Project("{9A19103F-16F7-4668-BE54-9A1E7A4F7556}") = "Divide Without Remainder", "Divide Without Remainder\Divide Without Remainder.csproj", "{E34E9B06-F4CB-4629-A2B6-78F9B3F078FF}"
EndProject
Project("{9A19103F-16F7-4668-BE54-9A1E7A4F7556}") = "Salary", "Salary\Salary.csproj", "{D2C4840D-706F-4C41-82A4-8543C716EF76}"
EndProject
Project("{FAE04EC0-301F-11D3-BF4B-00C04F79EFBC}") = "Multiplication Table", "Multiplication Table\Multiplication Table.csproj", "{6CD55B0B-E96F-4536-8334-264418B7FC4A}"
EndProject
Project("{FAE04EC0-301F-11D3-BF4B-00C04F79EFBC}") = "03. Combinations", "03. Combinations\03. Combinations.csproj", "{A6621B1E-AE5B-46D9-A811-4969E4E69DE8}"
EndProject
Project("{FAE04EC0-301F-11D3-BF4B-00C04F79EFBC}") = "04. Sum of Two Numbers", "04. Sum of Two Numbers\04. Sum of Two Numbers.csproj", "{CD6BAEA7-9CC1-40FE-8233-D2A239485B81}"
EndProject
Project("{FAE04EC0-301F-11D3-BF4B-00C04F79EFBC}") = "05. Travelling", "05. Travelling\05. Travelling.csproj", "{063BAC21-7731-4CC9-9B43-2827A14FBC92}"
EndProject
Project("{FAE04EC0-301F-11D3-BF4B-00C04F79EFBC}") = "06. Name Wars", "06. Name Wars\06. Name Wars.csproj", "{22037032-A481-43E6-BE6A-8FBCFCEB1966}"
EndProject
Global
	GlobalSection(SolutionConfigurationPlatforms) = preSolution
		Debug|Any CPU = Debug|Any CPU
		Release|Any CPU = Release|Any CPU
	EndGlobalSection
	GlobalSection(ProjectConfigurationPlatforms) = postSolution
		{22DB38E8-04D2-42ED-8882-7ECA01B28C5E}.Debug|Any CPU.ActiveCfg = Debug|Any CPU
		{22DB38E8-04D2-42ED-8882-7ECA01B28C5E}.Debug|Any CPU.Build.0 = Debug|Any CPU
		{22DB38E8-04D2-42ED-8882-7ECA01B28C5E}.Release|Any CPU.ActiveCfg = Release|Any CPU
		{22DB38E8-04D2-42ED-8882-7ECA01B28C5E}.Release|Any CPU.Build.0 = Release|Any CPU
		{253BB1F1-1674-4FF1-92FB-F319EE50DB96}.Debug|Any CPU.ActiveCfg = Debug|Any CPU
		{253BB1F1-1674-4FF1-92FB-F319EE50DB96}.Debug|Any CPU.Build.0 = Debug|Any CPU
		{253BB1F1-1674-4FF1-92FB-F319EE50DB96}.Release|Any CPU.ActiveCfg = Release|Any CPU
		{253BB1F1-1674-4FF1-92FB-F319EE50DB96}.Release|Any CPU.Build.0 = Release|Any CPU
		{A34CFDB1-2B51-4F49-9260-537984AA8715}.Debug|Any CPU.ActiveCfg = Debug|Any CPU
		{A34CFDB1-2B51-4F49-9260-537984AA8715}.Debug|Any CPU.Build.0 = Debug|Any CPU
		{A34CFDB1-2B51-4F49-9260-537984AA8715}.Release|Any CPU.ActiveCfg = Release|Any CPU
		{A34CFDB1-2B51-4F49-9260-537984AA8715}.Release|Any CPU.Build.0 = Release|Any CPU
		{DBB02BA1-89E3-42F4-9687-87E93D43905A}.Debug|Any CPU.ActiveCfg = Debug|Any CPU
		{DBB02BA1-89E3-42F4-9687-87E93D43905A}.Debug|Any CPU.Build.0 = Debug|Any CPU
		{DBB02BA1-89E3-42F4-9687-87E93D43905A}.Release|Any CPU.ActiveCfg = Release|Any CPU
		{DBB02BA1-89E3-42F4-9687-87E93D43905A}.Release|Any CPU.Build.0 = Release|Any CPU
		{E34E9B06-F4CB-4629-A2B6-78F9B3F078FF}.Debug|Any CPU.ActiveCfg = Debug|Any CPU
		{E34E9B06-F4CB-4629-A2B6-78F9B3F078FF}.Debug|Any CPU.Build.0 = Debug|Any CPU
		{E34E9B06-F4CB-4629-A2B6-78F9B3F078FF}.Release|Any CPU.ActiveCfg = Release|Any CPU
		{E34E9B06-F4CB-4629-A2B6-78F9B3F078FF}.Release|Any CPU.Build.0 = Release|Any CPU
		{D2C4840D-706F-4C41-82A4-8543C716EF76}.Debug|Any CPU.ActiveCfg = Debug|Any CPU
		{D2C4840D-706F-4C41-82A4-8543C716EF76}.Debug|Any CPU.Build.0 = Debug|Any CPU
		{D2C4840D-706F-4C41-82A4-8543C716EF76}.Release|Any CPU.ActiveCfg = Release|Any CPU
		{D2C4840D-706F-4C41-82A4-8543C716EF76}.Release|Any CPU.Build.0 = Release|Any CPU
		{6CD55B0B-E96F-4536-8334-264418B7FC4A}.Debug|Any CPU.ActiveCfg = Debug|Any CPU
		{6CD55B0B-E96F-4536-8334-264418B7FC4A}.Debug|Any CPU.Build.0 = Debug|Any CPU
		{6CD55B0B-E96F-4536-8334-264418B7FC4A}.Release|Any CPU.ActiveCfg = Release|Any CPU
		{6CD55B0B-E96F-4536-8334-264418B7FC4A}.Release|Any CPU.Build.0 = Release|Any CPU
		{A6621B1E-AE5B-46D9-A811-4969E4E69DE8}.Debug|Any CPU.ActiveCfg = Debug|Any CPU
		{A6621B1E-AE5B-46D9-A811-4969E4E69DE8}.Debug|Any CPU.Build.0 = Debug|Any CPU
		{A6621B1E-AE5B-46D9-A811-4969E4E69DE8}.Release|Any CPU.ActiveCfg = Release|Any CPU
		{A6621B1E-AE5B-46D9-A811-4969E4E69DE8}.Release|Any CPU.Build.0 = Release|Any CPU
		{CD6BAEA7-9CC1-40FE-8233-D2A239485B81}.Debug|Any CPU.ActiveCfg = Debug|Any CPU
		{CD6BAEA7-9CC1-40FE-8233-D2A239485B81}.Debug|Any CPU.Build.0 = Debug|Any CPU
		{CD6BAEA7-9CC1-40FE-8233-D2A239485B81}.Release|Any CPU.ActiveCfg = Release|Any CPU
		{CD6BAEA7-9CC1-40FE-8233-D2A239485B81}.Release|Any CPU.Build.0 = Release|Any CPU
		{063BAC21-7731-4CC9-9B43-2827A14FBC92}.Debug|Any CPU.ActiveCfg = Debug|Any CPU
		{063BAC21-7731-4CC9-9B43-2827A14FBC92}.Debug|Any CPU.Build.0 = Debug|Any CPU
		{063BAC21-7731-4CC9-9B43-2827A14FBC92}.Release|Any CPU.ActiveCfg = Release|Any CPU
		{063BAC21-7731-4CC9-9B43-2827A14FBC92}.Release|Any CPU.Build.0 = Release|Any CPU
		{22037032-A481-43E6-BE6A-8FBCFCEB1966}.Debug|Any CPU.ActiveCfg = Debug|Any CPU
		{22037032-A481-43E6-BE6A-8FBCFCEB1966}.Debug|Any CPU.Build.0 = Debug|Any CPU
		{22037032-A481-43E6-BE6A-8FBCFCEB1966}.Release|Any CPU.ActiveCfg = Release|Any CPU
		{22037032-A481-43E6-BE6A-8FBCFCEB1966}.Release|Any CPU.Build.0 = Release|Any CPU
	EndGlobalSection
	GlobalSection(SolutionProperties) = preSolution
		HideSolutionNode = FALSE
	EndGlobalSection
	GlobalSection(ExtensibilityGlobals) = postSolution
		SolutionGuid = {EEFFCC1E-8813-4EAB-A88C-3CE1AE5C80C9}
	EndGlobalSection
EndGlobal
